
Microsoft Visual Studio Solution File, Format Version 12.00
# Visual Studio Version 17
VisualStudioVersion = 17.3.32929.385
MinimumVisualStudioVersion = 10.0.40219.1
Project("{FAE04EC0-301F-11D3-BF4B-00C04F79EFBC}") = "sorting", "sorting.csproj", "{E52C80A7-0B87-4D5E-A489-B5BC8A38493C}"
EndProject
Global
	GlobalSection(SolutionConfigurationPlatforms) = preSolution
		Debug|Any CPU = Debug|Any CPU
		Release|Any CPU = Release|Any CPU
	EndGlobalSection
	GlobalSection(ProjectConfigurationPlatforms) = postSolution
		{E52C80A7-0B87-4D5E-A489-B5BC8A38493C}.Debug|Any CPU.ActiveCfg = Debug|Any CPU
		{E52C80A7-0B87-4D5E-A489-B5BC8A38493C}.Debug|Any CPU.Build.0 = Debug|Any CPU
		{E52C80A7-0B87-4D5E-A489-B5BC8A38493C}.Release|Any CPU.ActiveCfg = Release|Any CPU
		{E52C80A7-0B87-4D5E-A489-B5BC8A38493C}.Release|Any CPU.Build.0 = Release|Any CPU
	EndGlobalSection
	GlobalSection(SolutionProperties) = preSolution
		HideSolutionNode = FALSE
	EndGlobalSection
	GlobalSection(ExtensibilityGlobals) = postSolution
		SolutionGuid = {3255F5A7-BD82-40B5-B7FD-4764819DF428}
	EndGlobalSection
EndGlobal
