
Microsoft Visual Studio Solution File, Format Version 12.00
# Visual Studio Version 17
VisualStudioVersion = 17.4.33122.133
MinimumVisualStudioVersion = 10.0.40219.1
Project("{FAE04EC0-301F-11D3-BF4B-00C04F79EFBC}") = "NetworkInterface", "NetworkInterface.csproj", "{E3B8603E-4EC9-458D-882E-9F54A41F7E37}"
EndProject
Global
	GlobalSection(SolutionConfigurationPlatforms) = preSolution
		Debug|Any CPU = Debug|Any CPU
		Release|Any CPU = Release|Any CPU
	EndGlobalSection
	GlobalSection(ProjectConfigurationPlatforms) = postSolution
		{E3B8603E-4EC9-458D-882E-9F54A41F7E37}.Debug|Any CPU.ActiveCfg = Debug|Any CPU
		{E3B8603E-4EC9-458D-882E-9F54A41F7E37}.Debug|Any CPU.Build.0 = Debug|Any CPU
		{E3B8603E-4EC9-458D-882E-9F54A41F7E37}.Release|Any CPU.ActiveCfg = Release|Any CPU
		{E3B8603E-4EC9-458D-882E-9F54A41F7E37}.Release|Any CPU.Build.0 = Release|Any CPU
	EndGlobalSection
	GlobalSection(SolutionProperties) = preSolution
		HideSolutionNode = FALSE
	EndGlobalSection
	GlobalSection(ExtensibilityGlobals) = postSolution
		SolutionGuid = {CE53EE40-DE71-4FBF-892B-ECAD1454CEDA}
	EndGlobalSection
EndGlobal
