
Microsoft Visual Studio Solution File, Format Version 12.00
# Visual Studio Version 17
VisualStudioVersion = 17.4.33122.133
MinimumVisualStudioVersion = 10.0.40219.1
Project("{FAE04EC0-301F-11D3-BF4B-00C04F79EFBC}") = "problem9", "problem9.csproj", "{5B536CED-BC37-4AE5-8E7F-9FA8C822A687}"
EndProject
Global
	GlobalSection(SolutionConfigurationPlatforms) = preSolution
		Debug|Any CPU = Debug|Any CPU
		Release|Any CPU = Release|Any CPU
	EndGlobalSection
	GlobalSection(ProjectConfigurationPlatforms) = postSolution
		{5B536CED-BC37-4AE5-8E7F-9FA8C822A687}.Debug|Any CPU.ActiveCfg = Debug|Any CPU
		{5B536CED-BC37-4AE5-8E7F-9FA8C822A687}.Debug|Any CPU.Build.0 = Debug|Any CPU
		{5B536CED-BC37-4AE5-8E7F-9FA8C822A687}.Release|Any CPU.ActiveCfg = Release|Any CPU
		{5B536CED-BC37-4AE5-8E7F-9FA8C822A687}.Release|Any CPU.Build.0 = Release|Any CPU
	EndGlobalSection
	GlobalSection(SolutionProperties) = preSolution
		HideSolutionNode = FALSE
	EndGlobalSection
	GlobalSection(ExtensibilityGlobals) = postSolution
		SolutionGuid = {9BCA5C87-3385-4AB3-B1A3-7DEF04A4090B}
	EndGlobalSection
EndGlobal
