
Microsoft Visual Studio Solution File, Format Version 12.00
# Visual Studio Version 17
VisualStudioVersion = 17.4.33122.133
MinimumVisualStudioVersion = 10.0.40219.1
Project("{FAE04EC0-301F-11D3-BF4B-00C04F79EFBC}") = "Linq1", "Linq1.csproj", "{A6B30B54-8408-4798-A2CF-423838D7D514}"
EndProject
Global
	GlobalSection(SolutionConfigurationPlatforms) = preSolution
		Debug|Any CPU = Debug|Any CPU
		Release|Any CPU = Release|Any CPU
	EndGlobalSection
	GlobalSection(ProjectConfigurationPlatforms) = postSolution
		{A6B30B54-8408-4798-A2CF-423838D7D514}.Debug|Any CPU.ActiveCfg = Debug|Any CPU
		{A6B30B54-8408-4798-A2CF-423838D7D514}.Debug|Any CPU.Build.0 = Debug|Any CPU
		{A6B30B54-8408-4798-A2CF-423838D7D514}.Release|Any CPU.ActiveCfg = Release|Any CPU
		{A6B30B54-8408-4798-A2CF-423838D7D514}.Release|Any CPU.Build.0 = Release|Any CPU
	EndGlobalSection
	GlobalSection(SolutionProperties) = preSolution
		HideSolutionNode = FALSE
	EndGlobalSection
	GlobalSection(ExtensibilityGlobals) = postSolution
		SolutionGuid = {DBBDF596-EEF2-4D0A-8B27-5B99545EA68B}
	EndGlobalSection
EndGlobal
