
Microsoft Visual Studio Solution File, Format Version 12.00
# Visual Studio Version 17
VisualStudioVersion = 17.4.33213.308
MinimumVisualStudioVersion = 10.0.40219.1
Project("{FAE04EC0-301F-11D3-BF4B-00C04F79EFBC}") = "ExamLibrary", "ExamLibrary.csproj", "{9FDFD1ED-7840-4128-99CC-FCBBB3E15A15}"
EndProject
Global
	GlobalSection(SolutionConfigurationPlatforms) = preSolution
		Debug|Any CPU = Debug|Any CPU
		Release|Any CPU = Release|Any CPU
	EndGlobalSection
	GlobalSection(ProjectConfigurationPlatforms) = postSolution
		{9FDFD1ED-7840-4128-99CC-FCBBB3E15A15}.Debug|Any CPU.ActiveCfg = Debug|Any CPU
		{9FDFD1ED-7840-4128-99CC-FCBBB3E15A15}.Debug|Any CPU.Build.0 = Debug|Any CPU
		{9FDFD1ED-7840-4128-99CC-FCBBB3E15A15}.Release|Any CPU.ActiveCfg = Release|Any CPU
		{9FDFD1ED-7840-4128-99CC-FCBBB3E15A15}.Release|Any CPU.Build.0 = Release|Any CPU
	EndGlobalSection
	GlobalSection(SolutionProperties) = preSolution
		HideSolutionNode = FALSE
	EndGlobalSection
	GlobalSection(ExtensibilityGlobals) = postSolution
		SolutionGuid = {14FED716-19FC-4FDD-B30E-BE804163C98B}
	EndGlobalSection
EndGlobal
