
Microsoft Visual Studio Solution File, Format Version 12.00
# Visual Studio Version 17
VisualStudioVersion = 17.4.33213.308
MinimumVisualStudioVersion = 10.0.40219.1
Project("{FAE04EC0-301F-11D3-BF4B-00C04F79EFBC}") = "SQLDemo", "SQLDemo.csproj", "{EFC633ED-D1A4-4D1F-B073-55F3C6D218A0}"
EndProject
Global
	GlobalSection(SolutionConfigurationPlatforms) = preSolution
		Debug|Any CPU = Debug|Any CPU
		Release|Any CPU = Release|Any CPU
	EndGlobalSection
	GlobalSection(ProjectConfigurationPlatforms) = postSolution
		{EFC633ED-D1A4-4D1F-B073-55F3C6D218A0}.Debug|Any CPU.ActiveCfg = Debug|Any CPU
		{EFC633ED-D1A4-4D1F-B073-55F3C6D218A0}.Debug|Any CPU.Build.0 = Debug|Any CPU
		{EFC633ED-D1A4-4D1F-B073-55F3C6D218A0}.Release|Any CPU.ActiveCfg = Release|Any CPU
		{EFC633ED-D1A4-4D1F-B073-55F3C6D218A0}.Release|Any CPU.Build.0 = Release|Any CPU
	EndGlobalSection
	GlobalSection(SolutionProperties) = preSolution
		HideSolutionNode = FALSE
	EndGlobalSection
	GlobalSection(ExtensibilityGlobals) = postSolution
		SolutionGuid = {941F9919-4072-4553-9B72-086F08D0F166}
	EndGlobalSection
EndGlobal
