
Microsoft Visual Studio Solution File, Format Version 12.00
# Visual Studio Version 17
VisualStudioVersion = 17.4.33122.133
MinimumVisualStudioVersion = 10.0.40219.1
Project("{FAE04EC0-301F-11D3-BF4B-00C04F79EFBC}") = "library_test", "library_test.csproj", "{BF9A6C17-0968-4680-8D2C-E7DC80E2F08D}"
EndProject
Global
	GlobalSection(SolutionConfigurationPlatforms) = preSolution
		Debug|Any CPU = Debug|Any CPU
		Release|Any CPU = Release|Any CPU
	EndGlobalSection
	GlobalSection(ProjectConfigurationPlatforms) = postSolution
		{BF9A6C17-0968-4680-8D2C-E7DC80E2F08D}.Debug|Any CPU.ActiveCfg = Debug|Any CPU
		{BF9A6C17-0968-4680-8D2C-E7DC80E2F08D}.Debug|Any CPU.Build.0 = Debug|Any CPU
		{BF9A6C17-0968-4680-8D2C-E7DC80E2F08D}.Release|Any CPU.ActiveCfg = Release|Any CPU
		{BF9A6C17-0968-4680-8D2C-E7DC80E2F08D}.Release|Any CPU.Build.0 = Release|Any CPU
	EndGlobalSection
	GlobalSection(SolutionProperties) = preSolution
		HideSolutionNode = FALSE
	EndGlobalSection
	GlobalSection(ExtensibilityGlobals) = postSolution
		SolutionGuid = {24B11ABE-3568-4F4A-97CB-E2A10C246EBB}
	EndGlobalSection
EndGlobal
