
Microsoft Visual Studio Solution File, Format Version 12.00
# Visual Studio Version 17
VisualStudioVersion = 17.4.33122.133
MinimumVisualStudioVersion = 10.0.40219.1
Project("{FAE04EC0-301F-11D3-BF4B-00C04F79EFBC}") = "PersonalProject", "PersonalProject.csproj", "{0A2CA36C-38DC-4A4C-9158-59FAFBC7A7FE}"
EndProject
Global
	GlobalSection(SolutionConfigurationPlatforms) = preSolution
		Debug|Any CPU = Debug|Any CPU
		Release|Any CPU = Release|Any CPU
	EndGlobalSection
	GlobalSection(ProjectConfigurationPlatforms) = postSolution
		{0A2CA36C-38DC-4A4C-9158-59FAFBC7A7FE}.Debug|Any CPU.ActiveCfg = Debug|Any CPU
		{0A2CA36C-38DC-4A4C-9158-59FAFBC7A7FE}.Debug|Any CPU.Build.0 = Debug|Any CPU
		{0A2CA36C-38DC-4A4C-9158-59FAFBC7A7FE}.Release|Any CPU.ActiveCfg = Release|Any CPU
		{0A2CA36C-38DC-4A4C-9158-59FAFBC7A7FE}.Release|Any CPU.Build.0 = Release|Any CPU
	EndGlobalSection
	GlobalSection(SolutionProperties) = preSolution
		HideSolutionNode = FALSE
	EndGlobalSection
	GlobalSection(ExtensibilityGlobals) = postSolution
		SolutionGuid = {721C9038-E1DA-42CE-8B4B-62A86A097E77}
	EndGlobalSection
EndGlobal
